
Microsoft Visual Studio Solution File, Format Version 12.00
# Visual Studio Version 16
VisualStudioVersion = 16.0.31515.178
MinimumVisualStudioVersion = 10.0.40219.1
Project("{9A19103F-16F7-4668-BE54-9A1E7A4F7556}") = "BookListRazor", "BookListRazor\BookListRazor.csproj", "{9A3859B0-8850-4127-A006-14C6A796761F}"
EndProject
Global
	GlobalSection(SolutionConfigurationPlatforms) = preSolution
		Debug|Any CPU = Debug|Any CPU
		Release|Any CPU = Release|Any CPU
	EndGlobalSection
	GlobalSection(ProjectConfigurationPlatforms) = postSolution
		{9A3859B0-8850-4127-A006-14C6A796761F}.Debug|Any CPU.ActiveCfg = Debug|Any CPU
		{9A3859B0-8850-4127-A006-14C6A796761F}.Debug|Any CPU.Build.0 = Debug|Any CPU
		{9A3859B0-8850-4127-A006-14C6A796761F}.Release|Any CPU.ActiveCfg = Release|Any CPU
		{9A3859B0-8850-4127-A006-14C6A796761F}.Release|Any CPU.Build.0 = Release|Any CPU
	EndGlobalSection
	GlobalSection(SolutionProperties) = preSolution
		HideSolutionNode = FALSE
	EndGlobalSection
	GlobalSection(ExtensibilityGlobals) = postSolution
		SolutionGuid = {FC682548-F309-4A90-85BB-153E947DE4D7}
	EndGlobalSection
EndGlobal
